
Microsoft Visual Studio Solution File, Format Version 11.00
# Visual Studio 2010
Project("{FAE04EC0-301F-11D3-BF4B-00C04F79EFBC}") = "SnoValleyConverter", "SnoValleyConverter.csproj", "{2DB75EF4-2602-4255-9951-01266F0F1EFC}"
EndProject
Global
	GlobalSection(SolutionConfigurationPlatforms) = preSolution
		Debug|x86 = Debug|x86
		Release|x86 = Release|x86
	EndGlobalSection
	GlobalSection(ProjectConfigurationPlatforms) = postSolution
		{2DB75EF4-2602-4255-9951-01266F0F1EFC}.Debug|x86.ActiveCfg = Debug|x86
		{2DB75EF4-2602-4255-9951-01266F0F1EFC}.Debug|x86.Build.0 = Debug|x86
		{2DB75EF4-2602-4255-9951-01266F0F1EFC}.Release|x86.ActiveCfg = Release|x86
		{2DB75EF4-2602-4255-9951-01266F0F1EFC}.Release|x86.Build.0 = Release|x86
	EndGlobalSection
	GlobalSection(SolutionProperties) = preSolution
		HideSolutionNode = FALSE
	EndGlobalSection
EndGlobal
